hash: 0b980408d7f8e3d945e85a171bbb31cca110f61e6122ab7094e30d2d3546d884
updated: 2017-04-12T15:40:39.8977868+08:00
imports: []
testImports:
- name: github.com/mattn/goveralls
  version: 9d621f6940639bf287ecbb6f585a2c26eeba3bbe
- name: github.com/pborman/uuid
  version: 1b00554d822231195d1babd97ff4a781231955c9
- name: github.com/stretchr/testify
  version: 4d4bfba8f1d1027c4fdbe371823030df51419987
  subpackages:
  - assert
- name: golang.org/x/net
  version: a6577fac2d73be281a500b310739095313165611
  subpackages:
  - context
- name: golang.org/x/sync
  version: 5a06fca2c336a4b2b2fcb45702e8c47621b2aa2c
  subpackages:
  - errgroup
- name: golang.org/x/tools
  version: 7ee420f17d7525d013c72c05ed371361a29895d3
  subpackages:
  - cover
